{
    "_readme": [
        "This file locks the dependencies of your project to a known state",
        "Read more about it at https://getcomposer.org/doc/01-basic-usage.md#composer-lock-the-lock-file",
        "This file is @generated automatically"
    ],
    "hash": "922ee7dc78377b30993ccdccbb0477d9",
    "packages": [
        {
            "name": "nilportugues/api-transformer",
            "version": "1.0.2",
            "source": {
                "type": "git",
                "url": "https://github.com/nilportugues/api-transformer.git",
                "reference": "32015e11c660b10b700d3e830db2ea5f9e8e2f91"
            },
            "dist": {
                "type": "zip",
                "url": "https://api.github.com/repos/nilportugues/api-transformer/zipball/32015e11c660b10b700d3e830db2ea5f9e8e2f91",
                "reference": "32015e11c660b10b700d3e830db2ea5f9e8e2f91",
                "shasum": ""
            },
            "require": {
                "nilportugues/serializer": "~1.1",
                "php": ">=5.5.0",
                "psr/http-message": "~1.0",
                "zendframework/zend-diactoros": "^1.1.0"
            },
            "require-dev": {
                "fabpot/php-cs-fixer": "^1.9",
                "mmoreram/php-formatter": "dev-master",
                "phpunit/phpunit": "4.4.*",
                "satooshi/php-coveralls": "dev-master"
            },
            "type": "library",
            "autoload": {
                "psr-4": {
                    "NilPortugues\\Api\\Http\\": "src/Http/",
                    "NilPortugues\\Api\\Mapping\\": "src/Mapping/",
                    "NilPortugues\\Api\\Transformer\\": "src/Transformer/"
                }
            },
            "notification-url": "https://packagist.org/downloads/",
            "license": [
                "MIT"
            ],
            "authors": [
                {
                    "name": "Nil Portugués Calderó",
                    "email": "contact@nilportugues.com",
                    "role": "Project Lead Developer"
                }
            ],
            "description": "Base library providing the core functionality for API transformation.",
            "homepage": "http://nilportugues.com",
            "keywords": [
                "api",
                "psr7",
                "response",
                "serializer",
                "transformer"
            ],
            "time": "2015-08-16 17:58:10"
        },
        {
            "name": "nilportugues/json-api",
            "version": "1.0.2",
            "source": {
                "type": "git",
                "url": "https://github.com/nilportugues/jsonapi-transformer.git",
                "reference": "2ba38034154373a709a09c29575db6d04b38714b"
            },
            "dist": {
                "type": "zip",
                "url": "https://api.github.com/repos/nilportugues/jsonapi-transformer/zipball/2ba38034154373a709a09c29575db6d04b38714b",
                "reference": "2ba38034154373a709a09c29575db6d04b38714b",
                "shasum": ""
            },
            "require": {
                "nilportugues/api-transformer": "~1.0",
                "nilportugues/serializer": "~1.0",
                "php": ">=5.5.0",
                "psr/http-message": "~1.0",
                "zendframework/zend-diactoros": "^1.1.0"
            },
            "require-dev": {
                "fabpot/php-cs-fixer": "^1.9",
                "mmoreram/php-formatter": "dev-master",
                "phpunit/phpunit": "4.4.*",
                "satooshi/php-coveralls": "dev-master"
            },
            "type": "library",
            "autoload": {
                "psr-4": {
                    "NilPortugues\\Api\\JsonApi\\": "src/"
                }
            },
            "notification-url": "https://packagist.org/downloads/",
            "license": [
                "MIT"
            ],
            "authors": [
                {
                    "name": "Nil Portugués Calderó",
                    "email": "contact@nilportugues.com",
                    "role": "Project Lead Developer"
                }
            ],
            "description": "Serializer transformers outputting valid API responses in JSON, JSON API and HAL+JSON API formats.",
            "homepage": "http://nilportugues.com",
            "keywords": [
                "api",
                "json",
                "jsonapi",
                "psr7",
                "response",
                "serializer",
                "transformer"
            ],
            "time": "2015-08-16 10:52:15"
        },
        {
            "name": "nilportugues/serializer",
            "version": "1.1.0",
            "source": {
                "type": "git",
                "url": "https://github.com/nilportugues/serializer.git",
                "reference": "dd7dbd39feba56ce2dab27c1a8727535012714df"
            },
            "dist": {
                "type": "zip",
                "url": "https://api.github.com/repos/nilportugues/serializer/zipball/dd7dbd39feba56ce2dab27c1a8727535012714df",
                "reference": "dd7dbd39feba56ce2dab27c1a8727535012714df",
                "shasum": ""
            },
            "require": {
                "php": ">=5.5.0"
            },
            "require-dev": {
                "fabpot/php-cs-fixer": "^1.9",
                "mmoreram/php-formatter": "dev-master",
                "phpunit/phpunit": "4.4.*",
                "satooshi/php-coveralls": "dev-master"
            },
            "type": "library",
            "autoload": {
                "psr-4": {
                    "NilPortugues\\Serializer\\": "src/"
                }
            },
            "notification-url": "https://packagist.org/downloads/",
            "license": [
                "MIT"
            ],
            "authors": [
                {
                    "name": "Nil Portugués Calderó",
                    "email": "contact@nilportugues.com",
                    "role": "Project Lead Developer"
                },
                {
                    "name": "Zumba Fitness, LLC",
                    "email": "engineering@zumba.com",
                    "role": "Author of the original idea: https://github.com/zumba/json-serializer"
                },
                {
                    "name": "Juan Basso",
                    "email": "juan.basso@zumba.com",
                    "role": "Author of the original idea: https://github.com/zumba/json-serializer"
                }
            ],
            "description": "Serialize PHP variables, including objects, in any format. Support to unserialize it too.",
            "homepage": "http://nilportugues.com",
            "keywords": [
                "json",
                "serialize",
                "serializer"
            ],
            "time": "2015-08-16 17:50:04"
        },
        {
            "name": "psr/http-message",
            "version": "1.0",
            "source": {
                "type": "git",
                "url": "https://github.com/php-fig/http-message.git",
                "reference": "85d63699f0dbedb190bbd4b0d2b9dc707ea4c298"
            },
            "dist": {
                "type": "zip",
                "url": "https://api.github.com/repos/php-fig/http-message/zipball/85d63699f0dbedb190bbd4b0d2b9dc707ea4c298",
                "reference": "85d63699f0dbedb190bbd4b0d2b9dc707ea4c298",
                "shasum": ""
            },
            "require": {
                "php": ">=5.3.0"
            },
            "type": "library",
            "extra": {
                "branch-alias": {
                    "dev-master": "1.0.x-dev"
                }
            },
            "autoload": {
                "psr-4": {
                    "Psr\\Http\\Message\\": "src/"
                }
            },
            "notification-url": "https://packagist.org/downloads/",
            "license": [
                "MIT"
            ],
            "authors": [
                {
                    "name": "PHP-FIG",
                    "homepage": "http://www.php-fig.org/"
                }
            ],
            "description": "Common interface for HTTP messages",
            "keywords": [
                "http",
                "http-message",
                "psr",
                "psr-7",
                "request",
                "response"
            ],
            "time": "2015-05-04 20:22:00"
        },
        {
            "name": "symfony/http-foundation",
            "version": "v2.7.3",
            "source": {
                "type": "git",
                "url": "https://github.com/symfony/HttpFoundation.git",
                "reference": "863af6898081b34c65d42100c370b9f3c51b70ca"
            },
            "dist": {
                "type": "zip",
                "url": "https://api.github.com/repos/symfony/HttpFoundation/zipball/863af6898081b34c65d42100c370b9f3c51b70ca",
                "reference": "863af6898081b34c65d42100c370b9f3c51b70ca",
                "shasum": ""
            },
            "require": {
                "php": ">=5.3.9"
            },
            "require-dev": {
                "symfony/expression-language": "~2.4",
                "symfony/phpunit-bridge": "~2.7"
            },
            "type": "library",
            "extra": {
                "branch-alias": {
                    "dev-master": "2.7-dev"
                }
            },
            "autoload": {
                "psr-4": {
                    "Symfony\\Component\\HttpFoundation\\": ""
                },
                "classmap": [
                    "Resources/stubs"
                ]
            },
            "notification-url": "https://packagist.org/downloads/",
            "license": [
                "MIT"
            ],
            "authors": [
                {
                    "name": "Fabien Potencier",
                    "email": "fabien@symfony.com"
                },
                {
                    "name": "Symfony Community",
                    "homepage": "https://symfony.com/contributors"
                }
            ],
            "description": "Symfony HttpFoundation Component",
            "homepage": "https://symfony.com",
            "time": "2015-07-22 10:11:00"
        },
        {
            "name": "symfony/psr-http-message-bridge",
            "version": "v0.1",
            "source": {
                "type": "git",
                "url": "https://github.com/symfony/psr-http-message-bridge.git",
                "reference": "dc7e308e1dc2898a46776e2221a643cb08315453"
            },
            "dist": {
                "type": "zip",
                "url": "https://api.github.com/repos/symfony/psr-http-message-bridge/zipball/dc7e308e1dc2898a46776e2221a643cb08315453",
                "reference": "dc7e308e1dc2898a46776e2221a643cb08315453",
                "shasum": ""
            },
            "require": {
                "php": ">=5.3.3",
                "psr/http-message": "~1.0",
                "symfony/http-foundation": "~2.3|~3.0"
            },
            "require-dev": {
                "symfony/phpunit-bridge": "~2.7|~3.0"
            },
            "suggest": {
                "zendframework/zend-diactoros": "To use the Zend Diactoros factory"
            },
            "type": "symfony-bridge",
            "autoload": {
                "psr-4": {
                    "Symfony\\Bridge\\PsrHttpMessage\\": ""
                }
            },
            "notification-url": "https://packagist.org/downloads/",
            "license": [
                "MIT"
            ],
            "authors": [
                {
                    "name": "Symfony Community",
                    "homepage": "http://symfony.com/contributors"
                },
                {
                    "name": "Fabien Potencier",
                    "email": "fabien@symfony.com"
                }
            ],
            "description": "PSR HTTP message bridge",
            "homepage": "http://symfony.com",
            "keywords": [
                "http",
                "http-message",
                "psr-7"
            ],
            "time": "2015-05-29 17:57:12"
        },
        {
            "name": "zendframework/zend-diactoros",
            "version": "1.1.3",
            "source": {
                "type": "git",
                "url": "https://github.com/zendframework/zend-diactoros.git",
                "reference": "e2f5c12916c74da384058d0dfbc7fbc0b03d1181"
            },
            "dist": {
                "type": "zip",
                "url": "https://api.github.com/repos/zendframework/zend-diactoros/zipball/e2f5c12916c74da384058d0dfbc7fbc0b03d1181",
                "reference": "e2f5c12916c74da384058d0dfbc7fbc0b03d1181",
                "shasum": ""
            },
            "require": {
                "php": ">=5.4",
                "psr/http-message": "~1.0"
            },
            "provide": {
                "psr/http-message-implementation": "~1.0.0"
            },
            "require-dev": {
                "phpunit/phpunit": "~4.6",
                "squizlabs/php_codesniffer": "^2.3.1"
            },
            "type": "library",
            "extra": {
                "branch-alias": {
                    "dev-master": "1.0-dev",
                    "dev-develop": "1.1-dev"
                }
            },
            "autoload": {
                "psr-4": {
                    "Zend\\Diactoros\\": "src/"
                }
            },
            "notification-url": "https://packagist.org/downloads/",
            "license": [
                "BSD-2-Clause"
            ],
            "description": "PSR HTTP Message implementations",
            "homepage": "https://github.com/zendframework/zend-diactoros",
            "keywords": [
                "http",
                "psr",
                "psr-7"
            ],
            "time": "2015-08-10 20:04:20"
        }
    ],
    "packages-dev": [],
    "aliases": [],
    "minimum-stability": "stable",
    "stability-flags": [],
    "prefer-stable": false,
    "prefer-lowest": false,
    "platform": [],
    "platform-dev": []
}
